
Microsoft Visual Studio Solution File, Format Version 12.00
# Visual Studio Version 17
VisualStudioVersion = 17.3.32929.385
MinimumVisualStudioVersion = 10.0.40219.1
Project("{FAE04EC0-301F-11D3-BF4B-00C04F79EFBC}") = "Domain", "Domain\Domain.csproj", "{EABC750D-E24C-4EE4-9B09-933E6BBFCE21}"
EndProject
Project("{FAE04EC0-301F-11D3-BF4B-00C04F79EFBC}") = "Application", "Application\Application.csproj", "{6D106646-FA9D-4D68-BDF8-590363F71619}"
EndProject
Project("{FAE04EC0-301F-11D3-BF4B-00C04F79EFBC}") = "Infrastructure", "Infrastructure\Infrastructure.csproj", "{5D2D507A-292B-4172-BAF8-59D80B209AFE}"
EndProject
Project("{FAE04EC0-301F-11D3-BF4B-00C04F79EFBC}") = "WebUI", "WebUI\WebUI.csproj", "{8F24AC0F-0A40-47B5-8114-63AC595BCAF2}"
	ProjectSection(ProjectDependencies) = postProject
		{5D2D507A-292B-4172-BAF8-59D80B209AFE} = {5D2D507A-292B-4172-BAF8-59D80B209AFE}
		{6D106646-FA9D-4D68-BDF8-590363F71619} = {6D106646-FA9D-4D68-BDF8-590363F71619}
		{EABC750D-E24C-4EE4-9B09-933E6BBFCE21} = {EABC750D-E24C-4EE4-9B09-933E6BBFCE21}
	EndProjectSection
EndProject
Global
	GlobalSection(SolutionConfigurationPlatforms) = preSolution
		Debug|Any CPU = Debug|Any CPU
		Release|Any CPU = Release|Any CPU
	EndGlobalSection
	GlobalSection(ProjectConfigurationPlatforms) = postSolution
		{EABC750D-E24C-4EE4-9B09-933E6BBFCE21}.Debug|Any CPU.ActiveCfg = Debug|Any CPU
		{EABC750D-E24C-4EE4-9B09-933E6BBFCE21}.Debug|Any CPU.Build.0 = Debug|Any CPU
		{EABC750D-E24C-4EE4-9B09-933E6BBFCE21}.Release|Any CPU.ActiveCfg = Release|Any CPU
		{EABC750D-E24C-4EE4-9B09-933E6BBFCE21}.Release|Any CPU.Build.0 = Release|Any CPU
		{6D106646-FA9D-4D68-BDF8-590363F71619}.Debug|Any CPU.ActiveCfg = Debug|Any CPU
		{6D106646-FA9D-4D68-BDF8-590363F71619}.Debug|Any CPU.Build.0 = Debug|Any CPU
		{6D106646-FA9D-4D68-BDF8-590363F71619}.Release|Any CPU.ActiveCfg = Release|Any CPU
		{6D106646-FA9D-4D68-BDF8-590363F71619}.Release|Any CPU.Build.0 = Release|Any CPU
		{5D2D507A-292B-4172-BAF8-59D80B209AFE}.Debug|Any CPU.ActiveCfg = Debug|Any CPU
		{5D2D507A-292B-4172-BAF8-59D80B209AFE}.Debug|Any CPU.Build.0 = Debug|Any CPU
		{5D2D507A-292B-4172-BAF8-59D80B209AFE}.Release|Any CPU.ActiveCfg = Release|Any CPU
		{5D2D507A-292B-4172-BAF8-59D80B209AFE}.Release|Any CPU.Build.0 = Release|Any CPU
		{8F24AC0F-0A40-47B5-8114-63AC595BCAF2}.Debug|Any CPU.ActiveCfg = Debug|Any CPU
		{8F24AC0F-0A40-47B5-8114-63AC595BCAF2}.Debug|Any CPU.Build.0 = Debug|Any CPU
		{8F24AC0F-0A40-47B5-8114-63AC595BCAF2}.Release|Any CPU.ActiveCfg = Release|Any CPU
		{8F24AC0F-0A40-47B5-8114-63AC595BCAF2}.Release|Any CPU.Build.0 = Release|Any CPU
	EndGlobalSection
	GlobalSection(SolutionProperties) = preSolution
		HideSolutionNode = FALSE
	EndGlobalSection
	GlobalSection(ExtensibilityGlobals) = postSolution
		SolutionGuid = {01E2E248-3F89-4CEC-99F5-DEB15CE5AA06}
	EndGlobalSection
EndGlobal
